version = 1
revision = 1
requires-python = "==3.10.*"
resolution-markers = [
    "(platform_machine != 'aarch64' and sys_platform == 'linux' and extra == 'extra-8-package1-cpu' and extra != 'extra-8-package1-gpu') or (sys_platform != 'darwin' and sys_platform != 'linux' and extra == 'extra-8-package1-cpu' and extra != 'extra-8-package1-gpu')",
    "(platform_machine == 'aarch64' and sys_platform == 'linux' and extra == 'extra-8-package1-cpu' and extra != 'extra-8-package1-gpu') or (sys_platform == 'darwin' and extra == 'extra-8-package1-cpu' and extra != 'extra-8-package1-gpu')",
    "extra != 'extra-8-package1-cpu' and extra == 'extra-8-package1-gpu'",
    "extra != 'extra-8-package1-cpu' and extra != 'extra-8-package1-gpu'",
]
conflicts = [[
    { package = "package1", extra = "gpu" },
    { package = "package1", extra = "cpu" },
]]

[manifest]
members = [
    "package1",
    "root-project",
]

[[package]]
name = "filelock"
version = "3.17.0"
source = { registry = "https://pypi.org/simple" }
sdist = { url = "https://files.pythonhosted.org/packages/dc/9c/0b15fb47b464e1b663b1acd1253a062aa5feecb07d4e597daea542ebd2b5/filelock-3.17.0.tar.gz", hash = "sha256:ee4e77401ef576ebb38cd7f13b9b28893194acc20a8e68e18730ba9c0e54660e", size = 18027 }
wheels = [
    { url = "https://files.pythonhosted.org/packages/89/ec/00d68c4ddfedfe64159999e5f8a98fb8442729a63e2077eb9dcd89623d27/filelock-3.17.0-py3-none-any.whl", hash = "sha256:533dc2f7ba78dc2f0f531fc6c4940addf7b70a481e269a5a3b93be94ffbe8338", size = 16164 },
]

[[package]]
name = "fsspec"
version = "2025.3.0"
source = { registry = "https://pypi.org/simple" }
sdist = { url = "https://files.pythonhosted.org/packages/34/f4/5721faf47b8c499e776bc34c6a8fc17efdf7fdef0b00f398128bc5dcb4ac/fsspec-2025.3.0.tar.gz", hash = "sha256:a935fd1ea872591f2b5148907d103488fc523295e6c64b835cfad8c3eca44972", size = 298491 }
wheels = [
    { url = "https://files.pythonhosted.org/packages/56/53/eb690efa8513166adef3e0669afd31e95ffde69fb3c52ec2ac7223ed6018/fsspec-2025.3.0-py3-none-any.whl", hash = "sha256:efb87af3efa9103f94ca91a7f8cb7a4df91af9f74fc106c9c7ea0efd7277c1b3", size = 193615 },
]

[[package]]
name = "intel-openmp"
version = "2021.4.0"
source = { registry = "https://pypi.org/simple" }
wheels = [
    { url = "https://files.pythonhosted.org/packages/97/62/8b06bd5e455110b9dd8cdff4cc85685f4ce206fcbc9513e4fa0791ae1c04/intel_openmp-2021.4.0-py2.py3-none-macosx_10_15_x86_64.macosx_11_0_x86_64.whl", hash = "sha256:41c01e266a7fdb631a7609191709322da2bbf24b252ba763f125dd651bcc7675", size = 1263776 },
    { url = "https://files.pythonhosted.org/packages/e6/a7/d0f7074b1f0670d1e3c694e101cf577d5b50fde265146ff11ca73ff1d679/intel_openmp-2021.4.0-py2.py3-none-manylinux1_i686.whl", hash = "sha256:3b921236a38384e2016f0f3d65af6732cf2c12918087128a9163225451e776f2", size = 952837 },
    { url = "https://files.pythonhosted.org/packages/08/a0/eacf78b5d87cec6c6664d018b48d65051bf70bc43098e6fa589b17ae9f48/intel_openmp-2021.4.0-py2.py3-none-manylinux1_x86_64.whl", hash = "sha256:e2240ab8d01472fed04f3544a878cda5da16c26232b7ea1b59132dbfb48b186e", size = 9946392 },
    { url = "https://files.pythonhosted.org/packages/45/18/527f247d673ff84c38e0b353b6901539b99e83066cd505be42ad341ab16d/intel_openmp-2021.4.0-py2.py3-none-win32.whl", hash = "sha256:6e863d8fd3d7e8ef389d52cf97a50fe2afe1a19247e8c0d168ce021546f96fc9", size = 1860605 },
    { url = "https://files.pythonhosted.org/packages/6f/21/b590c0cc3888b24f2ac9898c41d852d7454a1695fbad34bee85dba6dc408/intel_openmp-2021.4.0-py2.py3-none-win_amd64.whl", hash = "sha256:eef4c8bcc8acefd7f5cd3b9384dbf73d59e2c99fc56545712ded913f43c4a94f", size = 3516906 },
]

[[package]]
name = "jinja2"
version = "3.1.6"
source = { registry = "https://pypi.org/simple" }
dependencies = [
    { name = "markupsafe" },
]
sdist = { url = "https://files.pythonhosted.org/packages/df/bf/f7da0350254c0ed7c72f3e33cef02e048281fec7ecec5f032d4aac52226b/jinja2-3.1.6.tar.gz", hash = "sha256:0137fb05990d35f1275a587e9aee6d56da821fc83491a0fb838183be43f66d6d", size = 245115 }
wheels = [
    { url = "https://files.pythonhosted.org/packages/62/a1/3d680cbfd5f4b8f15abc1d571870c5fc3e594bb582bc3b64ea099db13e56/jinja2-3.1.6-py3-none-any.whl", hash = "sha256:85ece4451f492d0c13c5dd7c13a64681a86afae63a5f347908daf103ce6d2f67", size = 134899 },
]

[[package]]
name = "markupsafe"
version = "3.0.2"
source = { registry = "https://pypi.org/simple" }
sdist = { url = "https://files.pythonhosted.org/packages/b2/97/5d42485e71dfc078108a86d6de8fa46db44a1a9295e89c5d6d4a06e23a62/markupsafe-3.0.2.tar.gz", hash = "sha256:ee55d3edf80167e48ea11a923c7386f4669df67d7994554387f84e7d8b0a2bf0", size = 20537 }
wheels = [
    { url = "https://files.pythonhosted.org/packages/04/90/d08277ce111dd22f77149fd1a5d4653eeb3b3eaacbdfcbae5afb2600eebd/MarkupSafe-3.0.2-cp310-cp310-macosx_10_9_universal2.whl", hash = "sha256:7e94c425039cde14257288fd61dcfb01963e658efbc0ff54f5306b06054700f8", size = 14357 },
    { url = "https://files.pythonhosted.org/packages/04/e1/6e2194baeae0bca1fae6629dc0cbbb968d4d941469cbab11a3872edff374/MarkupSafe-3.0.2-cp310-cp310-macosx_11_0_arm64.whl", hash = "sha256:9e2d922824181480953426608b81967de705c3cef4d1af983af849d7bd619158", size = 12393 },
    { url = "https://files.pythonhosted.org/packages/1d/69/35fa85a8ece0a437493dc61ce0bb6d459dcba482c34197e3efc829aa357f/MarkupSafe-3.0.2-cp310-cp310-manylinux_2_17_aarch64.manylinux2014_aarch64.whl", hash = "sha256:38a9ef736c01fccdd6600705b09dc574584b89bea478200c5fbf112a6b0d5579", size = 21732 },
    { url = "https://files.pythonhosted.org/packages/22/35/137da042dfb4720b638d2937c38a9c2df83fe32d20e8c8f3185dbfef05f7/MarkupSafe-3.0.2-cp310-cp310-manylinux_2_17_x86_64.manylinux2014_x86_64.whl", hash = "sha256:bbcb445fa71794da8f178f0f6d66789a28d7319071af7a496d4d507ed566270d", size = 20866 },
    { url = "https://files.pythonhosted.org/packages/29/28/6d029a903727a1b62edb51863232152fd335d602def598dade38996887f0/MarkupSafe-3.0.2-cp310-cp310-manylinux_2_5_i686.manylinux1_i686.manylinux_2_17_i686.manylinux2014_i686.whl", hash = "sha256:57cb5a3cf367aeb1d316576250f65edec5bb3be939e9247ae594b4bcbc317dfb", size = 20964 },
    { url = "https://files.pythonhosted.org/packages/cc/cd/07438f95f83e8bc028279909d9c9bd39e24149b0d60053a97b2bc4f8aa51/MarkupSafe-3.0.2-cp310-cp310-musllinux_1_2_aarch64.whl", hash = "sha256:3809ede931876f5b2ec92eef964286840ed3540dadf803dd570c3b7e13141a3b", size = 21977 },
    { url = "https://files.pythonhosted.org/packages/29/01/84b57395b4cc062f9c4c55ce0df7d3108ca32397299d9df00fedd9117d3d/MarkupSafe-3.0.2-cp310-cp310-musllinux_1_2_i686.whl", hash = "sha256:e07c3764494e3776c602c1e78e298937c3315ccc9043ead7e685b7f2b8d47b3c", size = 21366 },
    { url = "https://files.pythonhosted.org/packages/bd/6e/61ebf08d8940553afff20d1fb1ba7294b6f8d279df9fd0c0db911b4bbcfd/MarkupSafe-3.0.2-cp310-cp310-musllinux_1_2_x86_64.whl", hash = "sha256:b424c77b206d63d500bcb69fa55ed8d0e6a3774056bdc4839fc9298a7edca171", size = 21091 },
    { url = "https://files.pythonhosted.org/packages/11/23/ffbf53694e8c94ebd1e7e491de185124277964344733c45481f32ede2499/MarkupSafe-3.0.2-cp310-cp310-win32.whl", hash = "sha256:fcabf5ff6eea076f859677f5f0b6b5c1a51e70a376b0579e0eadef8db48c6b50", size = 15065 },
    { url = "https://files.pythonhosted.org/packages/44/06/e7175d06dd6e9172d4a69a72592cb3f7a996a9c396eee29082826449bbc3/MarkupSafe-3.0.2-cp310-cp310-win_amd64.whl", hash = "sha256:6af100e168aa82a50e186c82875a5893c5597a0c1ccdb0d8b40240b1f28b969a", size = 15514 },
]

[[package]]
name = "mkl"
version = "2021.4.0"
source = { registry = "https://pypi.org/simple" }
dependencies = [
    { name = "intel-openmp", marker = "(platform_machine != 'aarch64' and sys_platform == 'linux') or (sys_platform != 'darwin' and sys_platform != 'linux')" },
    { name = "tbb", marker = "(platform_machine != 'aarch64' and sys_platform == 'linux') or (sys_platform != 'darwin' and sys_platform != 'linux')" },
]
wheels = [
    { url = "https://files.pythonhosted.org/packages/b6/b2/b8c755092e3881d6b5ea74be49c7bf3758b6174296626aed39c3416a1b02/mkl-2021.4.0-py2.py3-none-macosx_10_15_x86_64.macosx_11_0_x86_64.whl", hash = "sha256:67460f5cd7e30e405b54d70d1ed3ca78118370b65f7327d495e9c8847705e2fb", size = 186391276 },
    { url = "https://files.pythonhosted.org/packages/21/ee/e739a5d42fdc8a77c57f067814d57e9bd4eaaadb82d5b3186bbe4faddf76/mkl-2021.4.0-py2.py3-none-manylinux1_i686.whl", hash = "sha256:636d07d90e68ccc9630c654d47ce9fdeb036bb46e2b193b3a9ac8cfea683cce5", size = 161704154 },
    { url = "https://files.pythonhosted.org/packages/68/08/e5fe13998ed4c08300cea8cd14e249bf17340b1dd6f5b859ed00d3914125/mkl-2021.4.0-py2.py3-none-manylinux1_x86_64.whl", hash = "sha256:398dbf2b0d12acaf54117a5210e8f191827f373d362d796091d161f610c1ebfb", size = 280918625 },
    { url = "https://files.pythonhosted.org/packages/ce/c6/892fe3bc91e811b78e4f85653864f2d92541d5e5c306b0cb3c2311e9ca64/mkl-2021.4.0-py2.py3-none-win32.whl", hash = "sha256:439c640b269a5668134e3dcbcea4350459c4a8bc46469669b2d67e07e3d330e8", size = 129048357 },
    { url = "https://files.pythonhosted.org/packages/fe/1c/5f6dbf18e8b73e0a5472466f0ea8d48ce9efae39bd2ff38cebf8dce61259/mkl-2021.4.0-py2.py3-none-win_amd64.whl", hash = "sha256:ceef3cafce4c009dd25f65d7ad0d833a0fbadc3d8903991ec92351fe5de1e718", size = 228499609 },
]

[[package]]
name = "mpmath"
version = "1.3.0"
source = { registry = "https://pypi.org/simple" }
sdist = { url = "https://files.pythonhosted.org/packages/e0/47/dd32fa426cc72114383ac549964eecb20ecfd886d1e5ccf5340b55b02f57/mpmath-1.3.0.tar.gz", hash = "sha256:7a28eb2a9774d00c7bc92411c19a89209d5da7c4c9a9e227be8330a23a25b91f", size = 508106 }
wheels = [
    { url = "https://files.pythonhosted.org/packages/43/e3/7d92a15f894aa0c9c4b49b8ee9ac9850d6e63b03c9c32c0367a13ae62209/mpmath-1.3.0-py3-none-any.whl", hash = "sha256:a0b2b9fe80bbcd81a6647ff13108738cfb482d481d826cc0e02f5b35e5c88d2c", size = 536198 },
]

[[package]]
name = "networkx"
version = "3.4.2"
source = { registry = "https://pypi.org/simple" }
sdist = { url = "https://files.pythonhosted.org/packages/fd/1d/06475e1cd5264c0b870ea2cc6fdb3e37177c1e565c43f56ff17a10e3937f/networkx-3.4.2.tar.gz", hash = "sha256:307c3669428c5362aab27c8a1260aa8f47c4e91d3891f48be0141738d8d053e1", size = 2151368 }
wheels = [
    { url = "https://files.pythonhosted.org/packages/b9/54/dd730b32ea14ea797530a4479b2ed46a6fb250f682a9cfb997e968bf0261/networkx-3.4.2-py3-none-any.whl", hash = "sha256:df5d4365b724cf81b8c6a7312509d0c22386097011ad1abe274afd5e9d3bbc5f", size = 1723263 },
]

[[package]]
name = "nvidia-cublas-cu11"
version = "11.11.3.6"
source = { registry = "https://pypi.org/simple" }
wheels = [
    { url = "https://files.pythonhosted.org/packages/46/be/c222e33e60d28ecd496a46fc4d78ccae0ee28e1fd7dc705b6288b4cad27e/nvidia_cublas_cu11-11.11.3.6-py3-none-manylinux1_x86_64.whl", hash = "sha256:39fb40e8f486dd8a2ddb8fdeefe1d5b28f5b99df01c87ab3676f057a74a5a6f3", size = 417870452 },
    { url = "https://files.pythonhosted.org/packages/96/df/c5ac9ac5096355c47c606e613ecc7aa50fbccf5e0145df857d11da6464b1/nvidia_cublas_cu11-11.11.3.6-py3-none-manylinux2014_aarch64.whl", hash = "sha256:5ccae9e069a2c6be9af9cb5a0b0c6928c19c7915e390d15f598a1eead2a01a7a", size = 291428448 },
    { url = "https://files.pythonhosted.org/packages/ea/2e/9d99c60771d275ecf6c914a612e9a577f740a615bc826bec132368e1d3ae/nvidia_cublas_cu11-11.11.3.6-py3-none-manylinux2014_x86_64.whl", hash = "sha256:60252822adea5d0b10cd990a7dc7bedf7435f30ae40083c7a624a85a43225abc", size = 417870460 },
    { url = "https://files.pythonhosted.org/packages/0b/1d/7a78cd36fd5e3da4021b3ac2c2c8b2651dd72345b7c3ecc0d3e051884f50/nvidia_cublas_cu11-11.11.3.6-py3-none-win_amd64.whl", hash = "sha256:6ab12b1302bef8ac1ff4414edd1c059e57f4833abef9151683fb8f4de25900be", size = 427234740 },
]

[[package]]
name = "nvidia-cuda-cupti-cu11"
version = "11.8.87"
source = { registry = "https://pypi.org/simple" }
wheels = [
    { url = "https://files.pythonhosted.org/packages/27/c9/b4b15f709a694ea9f84871c6c4fbeeb54bab225962d852665a2c6f77f90d/nvidia_cuda_cupti_cu11-11.8.87-py3-none-manylinux1_x86_64.whl", hash = "sha256:0e50c707df56c75a2c0703dc6b886f3c97a22f37d6f63839f75b7418ba672a8d", size = 13093657 },
    { url = "https://files.pythonhosted.org/packages/1e/5a/fb7e315aaa9d2bb28d3f2d9127375823c43646e07db4fe1b08746626e677/nvidia_cuda_cupti_cu11-11.8.87-py3-none-manylinux2014_aarch64.whl", hash = "sha256:9aaa638963a8271df26b6ee0d93b781730b7acc6581ff700bd023d7934e4385e", size = 11687484 },
    { url = "https://files.pythonhosted.org/packages/74/42/9f5c5cc084ce6f3073048c4f6806f45ba4c8c73f227c9587215d9c372e05/nvidia_cuda_cupti_cu11-11.8.87-py3-none-manylinux2014_x86_64.whl", hash = "sha256:4191a17913a706b5098681280cd089cd7d8d3df209a6f5cb79384974a96d24f2", size = 13093662 },
    { url = "https://files.pythonhosted.org/packages/9c/b9/371cff81be29e008a69f1681f468a2b428fa4ea03842196c178cb4cf1991/nvidia_cuda_cupti_cu11-11.8.87-py3-none-win_amd64.whl", hash = "sha256:4332d8550ad5f5b673f98d08e4e4f82030cb604c66d8d5ee919399ea01312e58", size = 9952361 },
]

[[package]]
name = "nvidia-cuda-nvrtc-cu11"
version = "11.8.89"
source = { registry = "https://pypi.org/simple" }
wheels = [
    { url = "https://files.pythonhosted.org/packages/83/08/a9833e4e9f9165bedb7f36033b47aa399b053b9cb2eaf7b84d1e28705cf7/nvidia_cuda_nvrtc_cu11-11.8.89-py3-none-manylinux1_x86_64.whl", hash = "sha256:1f27d67b0f72902e9065ae568b4f6268dfe49ba3ed269c9a3da99bb86d1d2008", size = 23173264 },
    { url = "https://files.pythonhosted.org/packages/1d/ad/58a9f86b0280190582691b1141ac3678c08f698d3d6161eed5cbe4e43b46/nvidia_cuda_nvrtc_cu11-11.8.89-py3-none-manylinux2014_aarch64.whl", hash = "sha256:8ab17ed51e7c4928f7170a0551e3e3b42f89d973bd267ced9688c238b3e10aef", size = 22671777 },
    { url = "https://files.pythonhosted.org/packages/60/44/202e027c224c26e15a53f01c5c7604c7f6b4fd368882d3164ea08fead207/nvidia_cuda_nvrtc_cu11-11.8.89-py3-none-manylinux2014_x86_64.whl", hash = "sha256:a8d02f3cba345be56b1ffc3e74d8f61f02bb758dd31b0f20e12277a5a244f756", size = 23173745 },
    { url = "https://files.pythonhosted.org/packages/c9/19/17745076214b0cc985cfdbabe2b3108f1237704985dab5b748e48432aca1/nvidia_cuda_nvrtc_cu11-11.8.89-py3-none-win_amd64.whl", hash = "sha256:e18a23a8f4064664a6f1c4a64f38c581cbebfb5935280e94a4943ea8ae3791b1", size = 19034935 },
]

[[package]]
name = "nvidia-cuda-runtime-cu11"
version = "11.8.89"
source = { registry = "https://pypi.org/simple" }
wheels = [
    { url = "https://files.pythonhosted.org/packages/45/3e/84db02be49fe6d6df6e42f69fd64501c22d0f9ada9c9877f885612085d20/nvidia_cuda_runtime_cu11-11.8.89-py3-none-manylinux1_x86_64.whl", hash = "sha256:f587bd726eb2f7612cf77ce38a2c1e65cf23251ff49437f6161ce0d647f64f7c", size = 875585 },
    { url = "https://files.pythonhosted.org/packages/da/16/86d6f3f25c1d69cfcaa01c9a9704b7e946387b7aa13cc2f385b50eb46da5/nvidia_cuda_runtime_cu11-11.8.89-py3-none-manylinux2014_aarch64.whl", hash = "sha256:e53bf160b6b660819cb6e4a9da2cc89e6aa2329858299780a2459780a2b8d012", size = 805995 },
    { url = "https://files.pythonhosted.org/packages/a6/ec/a540f28b31de7bc1ed49eecc72035d4cb77db88ead1d42f7bfa5ae407ac6/nvidia_cuda_runtime_cu11-11.8.89-py3-none-manylinux2014_x86_64.whl", hash = "sha256:92d04069a987e1fbc9213f8376d265df0f7bb42617d44f5eda1f496acea7f2d1", size = 875592 },
    { url = "https://files.pythonhosted.org/packages/48/ae/09f335dfbca630ae213e53d2a9294540620453fe2b37e7489ff05817a525/nvidia_cuda_runtime_cu11-11.8.89-py3-none-win_amd64.whl", hash = "sha256:f60c9fdaed8065b38de8097867240efc5556a8a710007146daeb9082334a6e63", size = 1021163 },
]

[[package]]
name = "nvidia-cudnn-cu11"
version = "8.7.0.84"
source = { registry = "https://pypi.org/simple" }
dependencies = [
    { name = "nvidia-cublas-cu11" },
]
wheels = [
    { url = "https://files.pythonhosted.org/packages/0b/f6/921e080645b9e66fbf7567b5aa1741bcded69862f42f1dce796883c3345c/nvidia_cudnn_cu11-8.7.0.84-py3-none-manylinux1_x86_64.whl", hash = "sha256:b3e062498fbbb1c1930435a6a454c1b41c903e1e65b7063bd2b4021e8285408e", size = 728455279 },
]

[[package]]
name = "nvidia-cufft-cu11"
version = "10.9.0.58"
source = { registry = "https://pypi.org/simple" }
wheels = [
    { url = "https://files.pythonhosted.org/packages/74/79/b912a77e38e41f15a0581a59f5c3548d1ddfdda3225936fb67c342719e7a/nvidia_cufft_cu11-10.9.0.58-py3-none-manylinux1_x86_64.whl", hash = "sha256:222f9da70c80384632fd6035e4c3f16762d64ea7a843829cb278f98b3cb7dd81", size = 168405414 },
    { url = "https://files.pythonhosted.org/packages/71/7a/a2ad9951d57c3cc23f4fa6d84b146afd9f375ffbc744b38935930ac4393f/nvidia_cufft_cu11-10.9.0.58-py3-none-manylinux2014_aarch64.whl", hash = "sha256:34b7315104e615b230dc3c2d1861f13bff9ec465c5d3b4bb65b4986d03a1d8d4", size = 111231060 },
    { url = "https://files.pythonhosted.org/packages/64/c8/133717b43182ba063803e983e7680a94826a9f4ff5734af0ca315803f1b3/nvidia_cufft_cu11-10.9.0.58-py3-none-manylinux2014_x86_64.whl", hash = "sha256:e21037259995243cc370dd63c430d77ae9280bedb68d5b5a18226bfc92e5d748", size = 168405419 },
    { url = "https://files.pythonhosted.org/packages/f8/b4/e432a74f8db0e84f734dc14d36c0e529225132bf7e239da21f55893351a6/nvidia_cufft_cu11-10.9.0.58-py3-none-win_amd64.whl", hash = "sha256:c4d316f17c745ec9c728e30409612eaf77a8404c3733cdf6c9c1569634d1ca03", size = 172237004 },
]

[[package]]
name = "nvidia-curand-cu11"
version = "10.3.0.86"
source = { registry = "https://pypi.org/simple" }
wheels = [
    { url = "https://files.pythonhosted.org/packages/49/28/c47f8e2439ddbcbeae3cf74d43ed572b651d630ea72863d5357f3759eb66/nvidia_curand_cu11-10.3.0.86-py3-none-manylinux1_x86_64.whl", hash = "sha256:ac439548c88580269a1eb6aeb602a5aed32f0dbb20809a31d9ed7d01d77f6bf5", size = 58124493 },
    { url = "https://files.pythonhosted.org/packages/5d/c0/aec095de6cb3b07197042f9ff8958eda2a5eaaefabc8db2e3bfa32aafb97/nvidia_curand_cu11-10.3.0.86-py3-none-manylinux2014_aarch64.whl", hash = "sha256:64defc3016d8c1de351a764617818c2961210430f12476faee10084b269b188c", size = 58134524 },
    { url = "https://files.pythonhosted.org/packages/58/e5/ce5806afc48a6e4e0dddd25316ac60b6fa94fd1791bdbf4ca17bf52696ea/nvidia_curand_cu11-10.3.0.86-py3-none-manylinux2014_x86_64.whl", hash = "sha256:cd4cffbf78bb06580206b4814d5dc696d1161c902aae37b2bba00056832379e6", size = 58124497 },
    { url = "https://files.pythonhosted.org/packages/ae/e0/a68e20f37512c2ff22c1b2707383faec80acc20c39727e4007065ed284ea/nvidia_curand_cu11-10.3.0.86-py3-none-win_amd64.whl", hash = "sha256:8fa8365065fc3e3760d7437b08f164a6bcf8f7124f3b544d2463ded01e6bdc70", size = 57597791 },
]

[[package]]
name = "nvidia-cusolver-cu11"
version = "11.4.1.48"
source = { registry = "https://pypi.org/simple" }
dependencies = [
    { name = "nvidia-cublas-cu11" },
]
wheels = [
    { url = "https://files.pythonhosted.org/packages/55/ee/939ff0104991dd7bdabb4c9767994c612ba0e1c9a55672a1ddd42f5e5b16/nvidia_cusolver_cu11-11.4.1.48-py3-none-manylinux1_x86_64.whl", hash = "sha256:ca538f545645b7e6629140786d3127fe067b3d5a085bd794cde5bfe877c8926f", size = 128240842 },
    { url = "https://files.pythonhosted.org/packages/d8/32/676f0cfea4ff5bbc6dcfe00b5f385ba49d322dc8e9ff1ef864b570e27e9e/nvidia_cusolver_cu11-11.4.1.48-py3-none-manylinux2014_aarch64.whl", hash = "sha256:1a96acb05768610bc414dbef5b25ebd2d820fc8a1e8c72097f41f53d80934d61", size = 127903177 },
    { url = "https://files.pythonhosted.org/packages/52/fe/866e87e6e6a1b0a5fcf8524a058042656702f2057e22bfdb8899a7c38e10/nvidia_cusolver_cu11-11.4.1.48-py3-none-manylinux2014_x86_64.whl", hash = "sha256:ea9fb1ad8c644ca9ed55af13cc39af3b7ba4c3eb5aef18471fe1fe77d94383cb", size = 128246438 },
    { url = "https://files.pythonhosted.org/packages/1e/94/4fd658d09776307b98411eca09dd77773d8c3bdc484b186a2084038b75e2/nvidia_cusolver_cu11-11.4.1.48-py3-none-win_amd64.whl", hash = "sha256:7efe43b113495a64e2cf9a0b4365bd53b0a82afb2e2cf91e9f993c9ef5e69ee8", size = 125732382 },
]

[[package]]
name = "nvidia-cusparse-cu11"
version = "11.7.5.86"
source = { registry = "https://pypi.org/simple" }
wheels = [
    { url = "https://files.pythonhosted.org/packages/c1/e0/21b829c535d569831835a4ca5d049a19ba00d3e91f3e12ab4ad27bd7385f/nvidia_cusparse_cu11-11.7.5.86-py3-none-manylinux1_x86_64.whl", hash = "sha256:4ae709fe78d3f23f60acaba8c54b8ad556cf16ca486e0cc1aa92dca7555d2d2b", size = 204126221 },
    { url = "https://files.pythonhosted.org/packages/a2/6e/4eb2842e7ab1804072bca43030a8b92731e5a35f6a4a1b8f1aa8fa5f411c/nvidia_cusparse_cu11-11.7.5.86-py3-none-manylinux2014_aarch64.whl", hash = "sha256:6c7da46abee7567e619d4aa2e90a1b032cfcbd1211d429853b1a6e87514a14b2", size = 203917797 },
    { url = "https://files.pythonhosted.org/packages/ed/5c/b0333b07c51ced77397c2fb0d9826072cea0da9d421aa7e792aa0f8ecc72/nvidia_cusparse_cu11-11.7.5.86-py3-none-manylinux2014_x86_64.whl", hash = "sha256:8d7cf1628fd8d462b5d2ba6678fae34733a48ecb80495b9c68672ec6a6dde5ef", size = 204126227 },
    { url = "https://files.pythonhosted.org/packages/b8/36/a670e8ca1deccd3c63be4d0286491cf5c6375253f0d948e7cc5167fe1da9/nvidia_cusparse_cu11-11.7.5.86-py3-none-win_amd64.whl", hash = "sha256:a0f6ee81cd91be606fc2f55992d06b09cd4e86d74b6ae5e8dd1631cf7f5a8706", size = 203420667 },
]

[[package]]
name = "nvidia-nccl-cu11"
version = "2.20.5"
source = { registry = "https://pypi.org/simple" }
wheels = [
    { url = "https://files.pythonhosted.org/packages/a0/37/948257090a0b9eddade74490b521490b7fe748a70cad72fd8fbda692f6d4/nvidia_nccl_cu11-2.20.5-py3-none-manylinux2014_x86_64.whl", hash = "sha256:3619e25dfb0c8f4c554561c3459ee7dfe1250eed05e9aa4d147a75c45cc6ae0d", size = 142898041 },
]

[[package]]
name = "nvidia-nvtx-cu11"
version = "11.8.86"
source = { registry = "https://pypi.org/simple" }
wheels = [
    { url = "https://files.pythonhosted.org/packages/d5/a2/23214c23118784dc2189ac2d2e48190df3e4206e2f73eb17d47140797a2b/nvidia_nvtx_cu11-11.8.86-py3-none-manylinux1_x86_64.whl", hash = "sha256:890656d8bd9b4e280231c832e1f0d03459200ba4824ddda3dcb59b1e1989b9f5", size = 99125 },
    { url = "https://files.pythonhosted.org/packages/42/b9/385e4323646d21f9aedb9e953e5c778311cd8df32eb2237f1ce242c58572/nvidia_nvtx_cu11-11.8.86-py3-none-manylinux2014_aarch64.whl", hash = "sha256:5e84b97062eb102b45a8a9172a06cfe28b239b1635075a13d6474e91295e0468", size = 100401 },
    { url = "https://files.pythonhosted.org/packages/b5/ad/973a187b137a3d45dc3faac421ef1275fb41fc169fd3889e2d5ceb0daa54/nvidia_nvtx_cu11-11.8.86-py3-none-manylinux2014_x86_64.whl", hash = "sha256:979f5b2aef5da164c5c53c64c85c3dfa61b8b4704f4f963bb568bf98fa8472e8", size = 99130 },
    { url = "https://files.pythonhosted.org/packages/3f/3f/0e1dd2bc4d89f838b86c76956ffa514307d3be4d8b5ee0da4e9d12a8b54b/nvidia_nvtx_cu11-11.8.86-py3-none-win_amd64.whl", hash = "sha256:54031010ee38d774b2991004d88f90bbd7bbc1458a96bbc4b42662756508c252", size = 66297 },
]

[[package]]
name = "package1"
version = "0.1.0"
source = { editable = "packages/package1" }

[package.optional-dependencies]
cpu = [
    { name = "torch", version = "2.3.0", source = { registry = "https://download.pytorch.org/whl/cpu" }, marker = "(platform_machine == 'aarch64' and sys_platform == 'linux' and extra == 'extra-8-package1-cpu') or (platform_machine != 'aarch64' and extra == 'extra-8-package1-cpu' and extra == 'extra-8-package1-gpu') or (sys_platform == 'darwin' and extra == 'extra-8-package1-cpu') or (sys_platform != 'linux' and extra == 'extra-8-package1-cpu' and extra == 'extra-8-package1-gpu')" },
    { name = "torch", version = "2.3.0+cpu", source = { registry = "https://download.pytorch.org/whl/cpu" }, marker = "(platform_machine != 'aarch64' and sys_platform == 'linux' and extra == 'extra-8-package1-cpu') or (sys_platform != 'darwin' and sys_platform != 'linux' and extra == 'extra-8-package1-cpu') or (sys_platform == 'darwin' and extra == 'extra-8-package1-cpu' and extra == 'extra-8-package1-gpu') or (sys_platform == 'linux' and extra == 'extra-8-package1-cpu' and extra == 'extra-8-package1-gpu')" },
]
gpu = [
    { name = "torch", version = "2.3.0+cu118", source = { registry = "https://download.pytorch.org/whl/cu118" } },
]

[package.metadata]
requires-dist = [
    { name = "torch", marker = "extra == 'cpu'", specifier = "==2.3.0", index = "https://download.pytorch.org/whl/cpu", conflict = { package = "package1", extra = "cpu" } },
    { name = "torch", marker = "extra == 'gpu'", specifier = "==2.3.0", index = "https://download.pytorch.org/whl/cu118", conflict = { package = "package1", extra = "gpu" } },
]
provides-extras = ["cpu", "gpu"]

[[package]]
name = "root-project"
version = "0.0.1"
source = { virtual = "." }
dependencies = [
    { name = "package1" },
]

[package.metadata]
requires-dist = [{ name = "package1", editable = "packages/package1" }]

[[package]]
name = "sympy"
version = "1.13.3"
source = { registry = "https://pypi.org/simple" }
dependencies = [
    { name = "mpmath" },
]
sdist = { url = "https://files.pythonhosted.org/packages/11/8a/5a7fd6284fa8caac23a26c9ddf9c30485a48169344b4bd3b0f02fef1890f/sympy-1.13.3.tar.gz", hash = "sha256:b27fd2c6530e0ab39e275fc9b683895367e51d5da91baa8d3d64db2565fec4d9", size = 7533196 }
wheels = [
    { url = "https://files.pythonhosted.org/packages/99/ff/c87e0622b1dadea79d2fb0b25ade9ed98954c9033722eb707053d310d4f3/sympy-1.13.3-py3-none-any.whl", hash = "sha256:54612cf55a62755ee71824ce692986f23c88ffa77207b30c1368eda4a7060f73", size = 6189483 },
]

[[package]]
name = "tbb"
version = "2021.13.1"
source = { registry = "https://pypi.org/simple" }
wheels = [
    { url = "https://files.pythonhosted.org/packages/79/62/52e55f0045efa6b10a69edb306c9bfdf4ec7d59cf88906f4fd104482fbfa/tbb-2021.13.1-py2.py3-none-manylinux1_i686.whl", hash = "sha256:bb5bdea0c0e9e6ad0739e7a8796c2635ce9eccca86dd48c426cd8027ac70fb1d", size = 5205093 },
    { url = "https://files.pythonhosted.org/packages/cc/67/b4dc53ce8de52cc9c3d75ffd93477b802659db093f97c8b6d63c917e5616/tbb-2021.13.1-py2.py3-none-manylinux1_x86_64.whl", hash = "sha256:d916359dc685579d09e4b344241550afc1cc034f7f5ec7234c258b6680912d70", size = 5386608 },
    { url = "https://files.pythonhosted.org/packages/fb/8a/5062b00c378c051e26507e5eca8d3b5c91ed63f8a2139f6f0f422be84b02/tbb-2021.13.1-py3-none-win32.whl", hash = "sha256:00f5e5a70051650ddd0ab6247c0549521968339ec21002e475cd23b1cbf46d66", size = 248994 },
    { url = "https://files.pythonhosted.org/packages/9b/24/84ce997e8ae6296168a74d0d9c4dde572d90fb23fd7c0b219c30ff71e00e/tbb-2021.13.1-py3-none-win_amd64.whl", hash = "sha256:cbf024b2463fdab3ebe3fa6ff453026358e6b903839c80d647e08ad6d0796ee9", size = 286908 },
]

[[package]]
name = "torch"
version = "2.3.0"
source = { registry = "https://download.pytorch.org/whl/cpu" }
resolution-markers = [
    "(platform_machine == 'aarch64' and sys_platform == 'linux') or sys_platform == 'darwin'",
]
dependencies = [
    { name = "filelock", marker = "(platform_machine == 'aarch64' and sys_platform == 'linux') or sys_platform == 'darwin'" },
    { name = "fsspec", marker = "(platform_machine == 'aarch64' and sys_platform == 'linux') or sys_platform == 'darwin'" },
    { name = "jinja2", marker = "(platform_machine == 'aarch64' and sys_platform == 'linux') or sys_platform == 'darwin'" },
    { name = "networkx", marker = "(platform_machine == 'aarch64' and sys_platform == 'linux') or sys_platform == 'darwin'" },
    { name = "sympy", marker = "(platform_machine == 'aarch64' and sys_platform == 'linux') or sys_platform == 'darwin'" },
    { name = "typing-extensions", marker = "(platform_machine == 'aarch64' and sys_platform == 'linux') or sys_platform == 'darwin'" },
]
wheels = [
    { url = "https://download.pytorch.org/whl/cpu/torch-2.3.0-cp310-cp310-manylinux_2_17_aarch64.manylinux2014_aarch64.whl", hash = "sha256:7e24c138c3bacc8c511c6b8211f09c3bf547d3cbe3756321acec1bdce40fec6b" },
    { url = "https://download.pytorch.org/whl/cpu/torch-2.3.0-cp310-none-macosx_11_0_arm64.whl", hash = "sha256:758ef938de87a2653bba74b91f703458c15569f1562bf4b6c63c62d9c5a0c1f5" },
]

[[package]]
name = "torch"
version = "2.3.0+cpu"
source = { registry = "https://download.pytorch.org/whl/cpu" }
resolution-markers = [
    "(platform_machine != 'aarch64' and sys_platform == 'linux') or (sys_platform != 'darwin' and sys_platform != 'linux')",
]
dependencies = [
    { name = "filelock", marker = "(platform_machine != 'aarch64' and sys_platform == 'linux') or (sys_platform != 'darwin' and sys_platform != 'linux')" },
    { name = "fsspec", marker = "(platform_machine != 'aarch64' and sys_platform == 'linux') or (sys_platform != 'darwin' and sys_platform != 'linux')" },
    { name = "jinja2", marker = "(platform_machine != 'aarch64' and sys_platform == 'linux') or (sys_platform != 'darwin' and sys_platform != 'linux')" },
    { name = "mkl", marker = "sys_platform == 'win32'" },
    { name = "networkx", marker = "(platform_machine != 'aarch64' and sys_platform == 'linux') or (sys_platform != 'darwin' and sys_platform != 'linux')" },
    { name = "sympy", marker = "(platform_machine != 'aarch64' and sys_platform == 'linux') or (sys_platform != 'darwin' and sys_platform != 'linux')" },
    { name = "typing-extensions", marker = "(platform_machine != 'aarch64' and sys_platform == 'linux') or (sys_platform != 'darwin' and sys_platform != 'linux')" },
]
wheels = [
    { url = "https://download.pytorch.org/whl/cpu/torch-2.3.0%2Bcpu-cp310-cp310-linux_x86_64.whl", hash = "sha256:e3c220702d82c7596924150e0499fbbffcf62a88a59adc860fa357cd8dc1c302" },
    { url = "https://download.pytorch.org/whl/cpu/torch-2.3.0%2Bcpu-cp310-cp310-win_amd64.whl", hash = "sha256:ab0c05525195b8fecdf2ea75968ed32ccd87dff16381b6e13249babb4a9596ff" },
]

[[package]]
name = "torch"
version = "2.3.0+cu118"
source = { registry = "https://download.pytorch.org/whl/cu118" }
dependencies = [
    { name = "filelock" },
    { name = "fsspec" },
    { name = "jinja2" },
    { name = "mkl", marker = "sys_platform == 'win32'" },
    { name = "networkx" },
    { name = "nvidia-cublas-cu11", marker = "platform_machine == 'x86_64' and sys_platform == 'linux'" },
    { name = "nvidia-cuda-cupti-cu11", marker = "platform_machine == 'x86_64' and sys_platform == 'linux'" },
    { name = "nvidia-cuda-nvrtc-cu11", marker = "platform_machine == 'x86_64' and sys_platform == 'linux'" },
    { name = "nvidia-cuda-runtime-cu11", marker = "platform_machine == 'x86_64' and sys_platform == 'linux'" },
    { name = "nvidia-cudnn-cu11", marker = "platform_machine == 'x86_64' and sys_platform == 'linux'" },
    { name = "nvidia-cufft-cu11", marker = "platform_machine == 'x86_64' and sys_platform == 'linux'" },
    { name = "nvidia-curand-cu11", marker = "platform_machine == 'x86_64' and sys_platform == 'linux'" },
    { name = "nvidia-cusolver-cu11", marker = "platform_machine == 'x86_64' and sys_platform == 'linux'" },
    { name = "nvidia-cusparse-cu11", marker = "platform_machine == 'x86_64' and sys_platform == 'linux'" },
    { name = "nvidia-nccl-cu11", marker = "platform_machine == 'x86_64' and sys_platform == 'linux'" },
    { name = "nvidia-nvtx-cu11", marker = "platform_machine == 'x86_64' and sys_platform == 'linux'" },
    { name = "sympy" },
    { name = "triton", marker = "platform_machine == 'x86_64' and sys_platform == 'linux'" },
    { name = "typing-extensions" },
]
wheels = [
    { url = "https://download.pytorch.org/whl/cu118/torch-2.3.0%2Bcu118-cp310-cp310-linux_x86_64.whl", hash = "sha256:b42a1fc72d862f708b1f9114ca1fb5de8139a436482ef1beeddb44f98b4ec508" },
    { url = "https://download.pytorch.org/whl/cu118/torch-2.3.0%2Bcu118-cp310-cp310-win_amd64.whl", hash = "sha256:ceb81d79fc7b017f51b1613f83b878efb8974cc946631fb9cd577bbaa2873293" },
]

[[package]]
name = "triton"
version = "2.3.0"
source = { registry = "https://pypi.org/simple" }
dependencies = [
    { name = "filelock" },
]
wheels = [
    { url = "https://files.pythonhosted.org/packages/db/ee/8d50d44ed5b63677bb387f4ee67a7dbaaded0189b320ffe82685a6827728/triton-2.3.0-cp310-cp310-manylinux_2_17_x86_64.manylinux2014_x86_64.whl", hash = "sha256:5ce4b8ff70c48e47274c66f269cce8861cf1dc347ceeb7a67414ca151b1822d8", size = 168055246 },
]

[[package]]
name = "typing-extensions"
version = "4.12.2"
source = { registry = "https://pypi.org/simple" }
sdist = { url = "https://files.pythonhosted.org/packages/df/db/f35a00659bc03fec321ba8bce9420de607a1d37f8342eee1863174c69557/typing_extensions-4.12.2.tar.gz", hash = "sha256:1a7ead55c7e559dd4dee8856e3a88b41225abfe1ce8df57b7c13915fe121ffb8", size = 85321 }
wheels = [
    { url = "https://files.pythonhosted.org/packages/26/9f/ad63fc0248c5379346306f8668cda6e2e2e9c95e01216d2b8ffd9ff037d0/typing_extensions-4.12.2-py3-none-any.whl", hash = "sha256:04e5ca0351e0f3f85c6853954072df659d0d13fac324d0072316b67d7794700d", size = 37438 },
]
